
Microsoft Visual Studio Solution File, Format Version 12.00
# Visual Studio Version 17
VisualStudioVersion = 17.14.36109.1 d17.14
MinimumVisualStudioVersion = 10.0.40219.1
Project("{FAE04EC0-301F-11D3-BF4B-00C04F79EFBC}") = "Pluxy3dBE", "Pluxy3dBE.csproj", "{ACA478C3-B76F-FA39-BB22-36577A94F79F}"
EndProject
Global
	GlobalSection(SolutionConfigurationPlatforms) = preSolution
		Debug|Any CPU = Debug|Any CPU
		Release|Any CPU = Release|Any CPU
	EndGlobalSection
	GlobalSection(ProjectConfigurationPlatforms) = postSolution
		{ACA478C3-B76F-FA39-BB22-36577A94F79F}.Debug|Any CPU.ActiveCfg = Debug|Any CPU
		{ACA478C3-B76F-FA39-BB22-36577A94F79F}.Debug|Any CPU.Build.0 = Debug|Any CPU
		{ACA478C3-B76F-FA39-BB22-36577A94F79F}.Release|Any CPU.ActiveCfg = Release|Any CPU
		{ACA478C3-B76F-FA39-BB22-36577A94F79F}.Release|Any CPU.Build.0 = Release|Any CPU
	EndGlobalSection
	GlobalSection(SolutionProperties) = preSolution
		HideSolutionNode = FALSE
	EndGlobalSection
	GlobalSection(ExtensibilityGlobals) = postSolution
		SolutionGuid = {3E884D1F-6DA9-4E79-986A-EE16B270422A}
	EndGlobalSection
EndGlobal
